{
  "name": "chat-broker",
  "version": "1.0.0",
  "lockfileVersion": 1,
  "requires": true,
  "dependencies": {
    "@types/events": {
      "version": "1.2.0",
      "resolved": "https://registry.npmjs.org/@types/events/-/events-1.2.0.tgz",
      "integrity": "sha512-KEIlhXnIutzKwRbQkGWb/I4HFqBuUykAdHgDED6xqwXJfONCjF5VoE0cXEiurh3XauygxzeDzgtXUqvLkxFzzA==",
      "dev": true
    },
    "@types/node": {
      "version": "10.0.10",
      "resolved": "https://registry.npmjs.org/@types/node/-/node-10.0.10.tgz",
      "integrity": "sha512-UJ1wqRW7m+DDfYA6FWPrJKe9tUfHxYP2P4qfnNdPuALD4kM5OpvtMcCPMZkmAQOVApMmsb9F69Fm7owGMMHvAQ==",
      "dev": true
    },
    "@types/ws": {
      "version": "5.1.1",
      "resolved": "https://registry.npmjs.org/@types/ws/-/ws-5.1.1.tgz",
      "integrity": "sha512-zf12eIggrJKYkOXood4EbQOsMFaVR8e5W8azkesRH1yFg4GhocS7j4sqE+FesLbvf1FLws4HenWUG6YZQ/LTJQ==",
      "dev": true,
      "requires": {
        "@types/events": "1.2.0",
        "@types/node": "10.0.10"
      }
    },
    "async-limiter": {
      "version": "1.0.0",
      "resolved": "https://registry.npmjs.org/async-limiter/-/async-limiter-1.0.0.tgz",
      "integrity": "sha512-jp/uFnooOiO+L211eZOoSyzpOITMXx1rBITauYykG3BRYPu8h0UcxsPNB04RR5vo4Tyz3+ay17tR6JVf9qzYWg=="
    },
    "ntypescript": {
      "version": "1.201706190042.1",
      "resolved": "https://registry.npmjs.org/ntypescript/-/ntypescript-1.201706190042.1.tgz",
      "integrity": "sha1-hmrpzDZoixQWBhVu0LzDXN9TYnE="
    },
    "ws": {
      "version": "5.1.1",
      "resolved": "https://registry.npmjs.org/ws/-/ws-5.1.1.tgz",
      "integrity": "sha512-bOusvpCb09TOBLbpMKszd45WKC2KPtxiyiHanv+H2DE3Az+1db5a/L7sVJZVDPUC1Br8f0SKRr1KjLpD1U/IAw==",
      "requires": {
        "async-limiter": "1.0.0"
      }
    }
  }
}
